
Microsoft Visual Studio Solution File, Format Version 12.00
# Visual Studio Version 16
VisualStudioVersion = 16.0.29209.62
MinimumVisualStudioVersion = 10.0.40219.1
Project("{FAE04EC0-301F-11D3-BF4B-00C04F79EFBC}") = "Kalman2", "Kalman2\Kalman2.csproj", "{F52BCCA3-61DB-44F8-80A0-A0EA98949EBC}"
EndProject
Global
	GlobalSection(SolutionConfigurationPlatforms) = preSolution
		Debug|Any CPU = Debug|Any CPU
		Release|Any CPU = Release|Any CPU
	EndGlobalSection
	GlobalSection(ProjectConfigurationPlatforms) = postSolution
		{F52BCCA3-61DB-44F8-80A0-A0EA98949EBC}.Debug|Any CPU.ActiveCfg = Debug|Any CPU
		{F52BCCA3-61DB-44F8-80A0-A0EA98949EBC}.Debug|Any CPU.Build.0 = Debug|Any CPU
		{F52BCCA3-61DB-44F8-80A0-A0EA98949EBC}.Release|Any CPU.ActiveCfg = Release|Any CPU
		{F52BCCA3-61DB-44F8-80A0-A0EA98949EBC}.Release|Any CPU.Build.0 = Release|Any CPU
	EndGlobalSection
	GlobalSection(SolutionProperties) = preSolution
		HideSolutionNode = FALSE
	EndGlobalSection
	GlobalSection(ExtensibilityGlobals) = postSolution
		SolutionGuid = {45D58AC3-FEAE-446B-A4D9-D91A30471B2F}
	EndGlobalSection
EndGlobal
